
Microsoft Visual Studio Solution File, Format Version 12.00
# Visual Studio Version 17
VisualStudioVersion = 17.7.34031.279
MinimumVisualStudioVersion = 10.0.40219.1
Project("{8BC9CEB8-8B4A-11D0-8D11-00A0C91BC942}") = "critter", "critter\critter.vcxproj", "{CF1AA383-935B-4662-B8CB-B8B2765F05AB}"
EndProject
Global
	GlobalSection(SolutionConfigurationPlatforms) = preSolution
		Debug|x64 = Debug|x64
		Debug|x86 = Debug|x86
		Release|x64 = Release|x64
		Release|x86 = Release|x86
	EndGlobalSection
	GlobalSection(ProjectConfigurationPlatforms) = postSolution
		{CF1AA383-935B-4662-B8CB-B8B2765F05AB}.Debug|x64.ActiveCfg = Debug|x64
		{CF1AA383-935B-4662-B8CB-B8B2765F05AB}.Debug|x64.Build.0 = Debug|x64
		{CF1AA383-935B-4662-B8CB-B8B2765F05AB}.Debug|x86.ActiveCfg = Debug|Win32
		{CF1AA383-935B-4662-B8CB-B8B2765F05AB}.Debug|x86.Build.0 = Debug|Win32
		{CF1AA383-935B-4662-B8CB-B8B2765F05AB}.Release|x64.ActiveCfg = Release|x64
		{CF1AA383-935B-4662-B8CB-B8B2765F05AB}.Release|x64.Build.0 = Release|x64
		{CF1AA383-935B-4662-B8CB-B8B2765F05AB}.Release|x86.ActiveCfg = Release|Win32
		{CF1AA383-935B-4662-B8CB-B8B2765F05AB}.Release|x86.Build.0 = Release|Win32
	EndGlobalSection
	GlobalSection(SolutionProperties) = preSolution
		HideSolutionNode = FALSE
	EndGlobalSection
	GlobalSection(ExtensibilityGlobals) = postSolution
		SolutionGuid = {20D81402-B489-4DAF-8830-36C9B32FD52D}
	EndGlobalSection
EndGlobal
